
Microsoft Visual Studio Solution File, Format Version 12.00
# Visual Studio Version 16
VisualStudioVersion = 16.0.30804.86
MinimumVisualStudioVersion = 10.0.40219.1
Project("{FAE04EC0-301F-11D3-BF4B-00C04F79EFBC}") = "GameProject", "GameProject\GameProject.csproj", "{E2D10710-B3E6-4394-9341-97455BF441B3}"
EndProject
Global
	GlobalSection(SolutionConfigurationPlatforms) = preSolution
		Debug|Any CPU = Debug|Any CPU
		Release|Any CPU = Release|Any CPU
	EndGlobalSection
	GlobalSection(ProjectConfigurationPlatforms) = postSolution
		{E2D10710-B3E6-4394-9341-97455BF441B3}.Debug|Any CPU.ActiveCfg = Debug|Any CPU
		{E2D10710-B3E6-4394-9341-97455BF441B3}.Debug|Any CPU.Build.0 = Debug|Any CPU
		{E2D10710-B3E6-4394-9341-97455BF441B3}.Release|Any CPU.ActiveCfg = Release|Any CPU
		{E2D10710-B3E6-4394-9341-97455BF441B3}.Release|Any CPU.Build.0 = Release|Any CPU
	EndGlobalSection
	GlobalSection(SolutionProperties) = preSolution
		HideSolutionNode = FALSE
	EndGlobalSection
	GlobalSection(ExtensibilityGlobals) = postSolution
		SolutionGuid = {CD86B90D-7CE0-47B6-8250-0A251F97499E}
	EndGlobalSection
EndGlobal
